
Microsoft Visual Studio Solution File, Format Version 12.00
# Visual Studio Version 16
VisualStudioVersion = 16.0.32602.291
MinimumVisualStudioVersion = 10.0.40219.1
Project("{9A19103F-16F7-4668-BE54-9A1E7A4F7556}") = "Module1", "Module1\Module1.csproj", "{5586FE0A-895E-4328-A734-01F5DC8C92B8}"
EndProject
Project("{FAE04EC0-301F-11D3-BF4B-00C04F79EFBC}") = "Module1Test", "Module1Test\Module1Test.csproj", "{036491C2-97E8-441E-8A17-2ACB99DEDA56}"
EndProject
Global
	GlobalSection(SolutionConfigurationPlatforms) = preSolution
		Debug|Any CPU = Debug|Any CPU
		Release|Any CPU = Release|Any CPU
	EndGlobalSection
	GlobalSection(ProjectConfigurationPlatforms) = postSolution
		{5586FE0A-895E-4328-A734-01F5DC8C92B8}.Debug|Any CPU.ActiveCfg = Debug|Any CPU
		{5586FE0A-895E-4328-A734-01F5DC8C92B8}.Debug|Any CPU.Build.0 = Debug|Any CPU
		{5586FE0A-895E-4328-A734-01F5DC8C92B8}.Release|Any CPU.ActiveCfg = Release|Any CPU
		{5586FE0A-895E-4328-A734-01F5DC8C92B8}.Release|Any CPU.Build.0 = Release|Any CPU
		{036491C2-97E8-441E-8A17-2ACB99DEDA56}.Debug|Any CPU.ActiveCfg = Debug|Any CPU
		{036491C2-97E8-441E-8A17-2ACB99DEDA56}.Debug|Any CPU.Build.0 = Debug|Any CPU
		{036491C2-97E8-441E-8A17-2ACB99DEDA56}.Release|Any CPU.ActiveCfg = Release|Any CPU
		{036491C2-97E8-441E-8A17-2ACB99DEDA56}.Release|Any CPU.Build.0 = Release|Any CPU
	EndGlobalSection
	GlobalSection(SolutionProperties) = preSolution
		HideSolutionNode = FALSE
	EndGlobalSection
	GlobalSection(ExtensibilityGlobals) = postSolution
		SolutionGuid = {7E5286D9-EADC-459D-A7BE-A1E345C689D1}
	EndGlobalSection
EndGlobal
